
Microsoft Visual Studio Solution File, Format Version 11.00
# Visual Studio 2010
Project("{4925A630-B079-445d-BCD4-3A9C94FE9307}") = "FModel", "FModel\FModel.fsproj", "{43CBA75A-4D6F-4E23-AB94-BF7E55B87B84}"
EndProject
Global
	GlobalSection(SolutionConfigurationPlatforms) = preSolution
		Debug|Any CPU = Debug|Any CPU
		Release|Any CPU = Release|Any CPU
	EndGlobalSection
	GlobalSection(ProjectConfigurationPlatforms) = postSolution
		{43CBA75A-4D6F-4E23-AB94-BF7E55B87B84}.Debug|Any CPU.ActiveCfg = Debug|Any CPU
		{43CBA75A-4D6F-4E23-AB94-BF7E55B87B84}.Debug|Any CPU.Build.0 = Debug|Any CPU
		{43CBA75A-4D6F-4E23-AB94-BF7E55B87B84}.Release|Any CPU.ActiveCfg = Release|Any CPU
		{43CBA75A-4D6F-4E23-AB94-BF7E55B87B84}.Release|Any CPU.Build.0 = Release|Any CPU
	EndGlobalSection
	GlobalSection(MonoDevelopProperties) = preSolution
		StartupItem = FModel\FModel.fsproj
	EndGlobalSection
EndGlobal
